
Microsoft Visual Studio Solution File, Format Version 12.00
# Visual Studio Version 17
VisualStudioVersion = 17.4.33110.190
MinimumVisualStudioVersion = 10.0.40219.1
Project("{FAE04EC0-301F-11D3-BF4B-00C04F79EFBC}") = "MağazaOtomasyon", "MağazaOtomasyon\MağazaOtomasyon.csproj", "{72B0E45C-D4CB-485E-AEC3-9A000DD1694C}"
EndProject
Global
	GlobalSection(SolutionConfigurationPlatforms) = preSolution
		Debug|Any CPU = Debug|Any CPU
		Release|Any CPU = Release|Any CPU
	EndGlobalSection
	GlobalSection(ProjectConfigurationPlatforms) = postSolution
		{72B0E45C-D4CB-485E-AEC3-9A000DD1694C}.Debug|Any CPU.ActiveCfg = Debug|Any CPU
		{72B0E45C-D4CB-485E-AEC3-9A000DD1694C}.Debug|Any CPU.Build.0 = Debug|Any CPU
		{72B0E45C-D4CB-485E-AEC3-9A000DD1694C}.Release|Any CPU.ActiveCfg = Release|Any CPU
		{72B0E45C-D4CB-485E-AEC3-9A000DD1694C}.Release|Any CPU.Build.0 = Release|Any CPU
	EndGlobalSection
	GlobalSection(SolutionProperties) = preSolution
		HideSolutionNode = FALSE
	EndGlobalSection
	GlobalSection(ExtensibilityGlobals) = postSolution
		SolutionGuid = {F5BB6438-F3E6-4A6E-A856-8DB52A8AAE6F}
	EndGlobalSection
EndGlobal
